# This file is automatically @generated by Poetry 1.7.1 and should not be changed by hand.

[[package]]
name = "pypdf"
version = "3.17.4"
description = "A pure-python PDF library capable of splitting, merging, cropping, and transforming PDF files"
optional = false
python-versions = ">=3.6"
files = [
    {file = "pypdf-3.17.4-py3-none-any.whl", hash = "sha256:6aa0f61b33779b64486de3f42835d3668badd48dac4a536aeb87da187a5eacd2"},
    {file = "pypdf-3.17.4.tar.gz", hash = "sha256:ec96e2e4fc9648ac609d19c00d41e9d606e0ae2ce5a0bbe7691426f5f157166a"},
]

[package.extras]
crypto = ["PyCryptodome", "cryptography"]
dev = ["black", "flit", "pip-tools", "pre-commit (<2.18.0)", "pytest-cov", "pytest-socket", "pytest-timeout", "pytest-xdist", "wheel"]
docs = ["myst_parser", "sphinx", "sphinx_rtd_theme"]
full = ["Pillow (>=8.0.0)", "PyCryptodome", "cryptography"]
image = ["Pillow (>=8.0.0)"]

[metadata]
lock-version = "2.0"
python-versions = "^3.12"
content-hash = "5d2e187a6d3125f8385c0846b54e9349fa7dba0e5a441fea07079aa33f4b22f0"
